[
    { "reference": "DevTeam.TestEngine.Contracts" },
    { "reference": "DevTeam.TestEngine" },

    { "dependency.feature": "Default" },

    { "using": "DevTeam.TestEngine.Contracts" },
    { "using": "DevTeam.TestEngine" },

    // Discoverer & Runner for .net assemblies

    {
       "container": [
            { "class": "Discoverer: IDiscoverer", "configure": [ { "lifetime": "Singleton" }, { "scope": "Global" }, { "tag": ".net assemblies" } ] },
            { "class": "Runner: IRunner", "configure": [ { "lifetime": "Singleton" } ] }
        ]
    },

    // Default implementations

    { "using": "DevTeam.TestEngine.Contracts.Reflection" },
    { "using": "DevTeam.TestEngine.Reflection" },
    { "using": "System" },
    { "using": "System.Reflection" },

    { "class": "Session: ISession" },
    { "class": "DisplayNameFactory: IDisplayNameFactory", "configure": [ { "lifetime": "Singleton" } ] },
    { "class": "InstanceFactory: IInstanceFactory", "configure": [ { "lifetime": "Singleton" } ] },
    { "class": "MethodRunner: IMethodRunner", "configure": [ { "lifetime": "Singleton" } ] },
    { "class": "InstanceDisposer: IInstanceDisposer", "configure": [ { "lifetime": "Singleton" } ] },
    { "class": "GenericArgsProvider: IGenericArgsProvider", "configure": [ { "lifetime": "Singleton" } ] },
    { "class": "ArgsProvider: IArgsProvider", "configure": [ { "lifetime": "Singleton" } ] },
    { "class": "Subject<>: IObservable<>,IObserver<>", "configure": [ { "lifetime": "Singleton" } ] },
    { "class": "AttributeAccessor: IAttributeAccessor", "configure": [ { "lifetime": "Singleton" } ] },
    { "class": "AttributeMap: IAttributeMap", "configure": [ { "lifetime": "Singleton" } ] },
    {
        "class": "AttributeImpl: IAttribute", "configure": [ { "stateType": "IAttributeDescriptor", "index": "0" }, { "stateType": "Attribute", "index": "1" } ],
        "constructor": [
            { "paramType": "IAttributeDescriptor", "state": { "stateType": "IAttributeDescriptor", "index": "0" } },
            { "paramType": "Attribute", "state": { "stateType": "Attribute", "index": "1" } },
            { "paramType": "IReflection" }
        ]
    },
    {
        "class": "Case: ICase", "configure": [ { "stateType": "ITestInfo", "index": "0" } ],
        "constructor": [
            { "paramType": "IDisplayNameFactory" },
            { "paramType": "ITestInfo", "state": { "stateType": "ITestInfo" } }
        ]
    },

    // Reflection

    {
        "container": [
            { "class": "Reflection: IReflection", "configure": [ { "lifetime": "Singleton" }, { "scope": "Global" } ] },
            {
                "class": "AssemblyInfoImpl: IAssemblyInfo", "configure": [ { "stateType": "Assembly", "index": "0" } ],
                "constructor": [
                    { "paramType": "IReflection" },
                    { "paramType": "Assembly", "state": { "stateType": "Assembly" } }
                ]
            },
            {
                "class": "TypeInfoImpl: ITypeInfo", "configure": [ { "stateType": "Type", "index": "0" } ],
                "constructor": [
                    { "paramType": "IReflection" },
                    { "paramType": "Type", "state": { "stateType": "Type" } }
                ]
            },
            {
                "class": "MethodInfoImpl: IMethodInfo", "configure": [ { "stateType": "MethodInfo", "index": "0" } ],
                "constructor": [
                    { "paramType": "IReflection" },
                    { "paramType": "MethodInfo", "state": { "stateType": "MethodInfo" } }
                ]
            },
            {
                "class": "PropertyInfoImpl: IPropertyInfo", "configure": [ { "stateType": "PropertyInfo", "index": "0" } ],
                "constructor": [
                    { "paramType": "IReflection" },
                    { "paramType": "PropertyInfo", "state": { "stateType": "PropertyInfo" } }
                ]
            },
            {
                "class": "ParameterInfoImpl: IParameterInfo", "configure": [ { "stateType": "ParameterInfo", "index": "0" } ],
                "constructor": [
                    { "paramType": "IReflection" },
                    { "paramType": "ParameterInfo", "state": { "stateType": "ParameterInfo" } }
                ]
            }
        ]
    }
]
