
Microsoft Visual Studio Solution File, Format Version 12.00
# Visual Studio 14
VisualStudioVersion = 14.0.25420.1
MinimumVisualStudioVersion = 10.0.40219.1
Project("{FAE04EC0-301F-11D3-BF4B-00C04F79EFBC}") = "DevTeam.TestFramework", "DevTeam.TestFramework\DevTeam.TestFramework.csproj", "{4033AAC8-4B00-4BB8-B58D-063414105649}"
EndProject
Project("{2150E333-8FDC-42A3-9474-1A3956D46DE8}") = "dotNetCore", "dotNetCore", "{1BE21557-750A-4026-BE2B-28BBF7739D44}"
EndProject
Project("{8BB2217D-0F2D-49D1-97BC-3654ED321F3B}") = "DevTeam.TestAdapter", "dotNetCore\DevTeam.TestAdapter\DevTeam.TestAdapter.xproj", "{31F40F69-89D6-4D9F-82B5-9B8004ED0D89}"
EndProject
Project("{8BB2217D-0F2D-49D1-97BC-3654ED321F3B}") = "SampleTests", "dotNetCore\SampleTests\SampleTests.xproj", "{E4D047B0-6EED-47DD-A244-86A07371ADDD}"
EndProject
Project("{FAE04EC0-301F-11D3-BF4B-00C04F79EFBC}") = "SimpleTests", "dotNetCore\SimpleTests\SimpleTests.csproj", "{C79C723F-B824-4B5F-AE92-CB04C01BE45B}"
EndProject
Project("{FAE04EC0-301F-11D3-BF4B-00C04F79EFBC}") = "DevTeam.TestEngine", "DevTeam.TestEngine\DevTeam.TestEngine.csproj", "{1A8B343D-9F47-4732-8309-E5A33D81EA26}"
EndProject
Project("{FAE04EC0-301F-11D3-BF4B-00C04F79EFBC}") = "DevTeam.TestEngine.Contracts", "DevTeam.TestEngine.Contracts\DevTeam.TestEngine.Contracts.csproj", "{B43C3E41-6650-49B6-ACC2-84312F9E195A}"
EndProject
Project("{FAE04EC0-301F-11D3-BF4B-00C04F79EFBC}") = "DevTeam.TestEngine.Tests", "DevTeam.TestEngine.Tests\DevTeam.TestEngine.Tests.csproj", "{3A4E8961-FBCD-40E6-A031-0464D346051A}"
EndProject
Project("{8BB2217D-0F2D-49D1-97BC-3654ED321F3B}") = "DevTeam.TestRunner", "dotNetCore\DevTeam.TestRunner\DevTeam.TestRunner.xproj", "{577737B3-4122-4E5A-A363-114A6DE303EE}"
EndProject
Global
	GlobalSection(SolutionConfigurationPlatforms) = preSolution
		Debug|Any CPU = Debug|Any CPU
		Release|Any CPU = Release|Any CPU
	EndGlobalSection
	GlobalSection(ProjectConfigurationPlatforms) = postSolution
		{4033AAC8-4B00-4BB8-B58D-063414105649}.Debug|Any CPU.ActiveCfg = Debug|Any CPU
		{4033AAC8-4B00-4BB8-B58D-063414105649}.Debug|Any CPU.Build.0 = Debug|Any CPU
		{4033AAC8-4B00-4BB8-B58D-063414105649}.Release|Any CPU.ActiveCfg = Release|Any CPU
		{4033AAC8-4B00-4BB8-B58D-063414105649}.Release|Any CPU.Build.0 = Release|Any CPU
		{31F40F69-89D6-4D9F-82B5-9B8004ED0D89}.Debug|Any CPU.ActiveCfg = Debug|Any CPU
		{31F40F69-89D6-4D9F-82B5-9B8004ED0D89}.Debug|Any CPU.Build.0 = Debug|Any CPU
		{31F40F69-89D6-4D9F-82B5-9B8004ED0D89}.Release|Any CPU.ActiveCfg = Release|Any CPU
		{31F40F69-89D6-4D9F-82B5-9B8004ED0D89}.Release|Any CPU.Build.0 = Release|Any CPU
		{E4D047B0-6EED-47DD-A244-86A07371ADDD}.Debug|Any CPU.ActiveCfg = Debug|Any CPU
		{E4D047B0-6EED-47DD-A244-86A07371ADDD}.Debug|Any CPU.Build.0 = Debug|Any CPU
		{E4D047B0-6EED-47DD-A244-86A07371ADDD}.Release|Any CPU.ActiveCfg = Release|Any CPU
		{E4D047B0-6EED-47DD-A244-86A07371ADDD}.Release|Any CPU.Build.0 = Release|Any CPU
		{C79C723F-B824-4B5F-AE92-CB04C01BE45B}.Debug|Any CPU.ActiveCfg = Debug|Any CPU
		{C79C723F-B824-4B5F-AE92-CB04C01BE45B}.Debug|Any CPU.Build.0 = Debug|Any CPU
		{C79C723F-B824-4B5F-AE92-CB04C01BE45B}.Release|Any CPU.ActiveCfg = Release|Any CPU
		{C79C723F-B824-4B5F-AE92-CB04C01BE45B}.Release|Any CPU.Build.0 = Release|Any CPU
		{1A8B343D-9F47-4732-8309-E5A33D81EA26}.Debug|Any CPU.ActiveCfg = Debug|Any CPU
		{1A8B343D-9F47-4732-8309-E5A33D81EA26}.Debug|Any CPU.Build.0 = Debug|Any CPU
		{1A8B343D-9F47-4732-8309-E5A33D81EA26}.Release|Any CPU.ActiveCfg = Release|Any CPU
		{1A8B343D-9F47-4732-8309-E5A33D81EA26}.Release|Any CPU.Build.0 = Release|Any CPU
		{B43C3E41-6650-49B6-ACC2-84312F9E195A}.Debug|Any CPU.ActiveCfg = Debug|Any CPU
		{B43C3E41-6650-49B6-ACC2-84312F9E195A}.Debug|Any CPU.Build.0 = Debug|Any CPU
		{B43C3E41-6650-49B6-ACC2-84312F9E195A}.Release|Any CPU.ActiveCfg = Release|Any CPU
		{B43C3E41-6650-49B6-ACC2-84312F9E195A}.Release|Any CPU.Build.0 = Release|Any CPU
		{3A4E8961-FBCD-40E6-A031-0464D346051A}.Debug|Any CPU.ActiveCfg = Debug|Any CPU
		{3A4E8961-FBCD-40E6-A031-0464D346051A}.Debug|Any CPU.Build.0 = Debug|Any CPU
		{3A4E8961-FBCD-40E6-A031-0464D346051A}.Release|Any CPU.ActiveCfg = Release|Any CPU
		{3A4E8961-FBCD-40E6-A031-0464D346051A}.Release|Any CPU.Build.0 = Release|Any CPU
		{577737B3-4122-4E5A-A363-114A6DE303EE}.Debug|Any CPU.ActiveCfg = Debug|Any CPU
		{577737B3-4122-4E5A-A363-114A6DE303EE}.Debug|Any CPU.Build.0 = Debug|Any CPU
		{577737B3-4122-4E5A-A363-114A6DE303EE}.Release|Any CPU.ActiveCfg = Release|Any CPU
		{577737B3-4122-4E5A-A363-114A6DE303EE}.Release|Any CPU.Build.0 = Release|Any CPU
	EndGlobalSection
	GlobalSection(SolutionProperties) = preSolution
		HideSolutionNode = FALSE
	EndGlobalSection
	GlobalSection(NestedProjects) = preSolution
		{31F40F69-89D6-4D9F-82B5-9B8004ED0D89} = {1BE21557-750A-4026-BE2B-28BBF7739D44}
		{E4D047B0-6EED-47DD-A244-86A07371ADDD} = {1BE21557-750A-4026-BE2B-28BBF7739D44}
		{C79C723F-B824-4B5F-AE92-CB04C01BE45B} = {1BE21557-750A-4026-BE2B-28BBF7739D44}
		{577737B3-4122-4E5A-A363-114A6DE303EE} = {1BE21557-750A-4026-BE2B-28BBF7739D44}
	EndGlobalSection
EndGlobal
