Microsoft Visual Studio Solution File, Format Version 12.00
# Visual Studio 15
VisualStudioVersion = 15.0.26228.4
MinimumVisualStudioVersion = 10.0.40219.1
Project("{2150E333-8FDC-42A3-9474-1A3956D46DE8}") = "dotNetCore", "dotNetCore", "{1BE21557-750A-4026-BE2B-28BBF7739D44}"
EndProject
Project("{2150E333-8FDC-42A3-9474-1A3956D46DE8}") = "dotNet", "dotNet", "{858EF382-563F-4AA4-817E-B52BF65B1B06}"
EndProject
Project("{FAE04EC0-301F-11D3-BF4B-00C04F79EFBC}") = "DevTeam.TestFramework", "DevTeam.TestFramework\DevTeam.TestFramework.csproj", "{4033AAC8-4B00-4BB8-B58D-063414105649}"
EndProject
Project("{FAE04EC0-301F-11D3-BF4B-00C04F79EFBC}") = "DevTeam.TestEngine", "DevTeam.TestEngine\DevTeam.TestEngine.csproj", "{1A8B343D-9F47-4732-8309-E5A33D81EA26}"
EndProject
Project("{FAE04EC0-301F-11D3-BF4B-00C04F79EFBC}") = "DevTeam.TestEngine.Contracts", "DevTeam.TestEngine.Contracts\DevTeam.TestEngine.Contracts.csproj", "{B43C3E41-6650-49B6-ACC2-84312F9E195A}"
EndProject
Project("{FAE04EC0-301F-11D3-BF4B-00C04F79EFBC}") = "DevTeam.TestEngine.Tests", "DevTeam.TestEngine.Tests\DevTeam.TestEngine.Tests.csproj", "{3A4E8961-FBCD-40E6-A031-0464D346051A}"
EndProject
Project("{9A19103F-16F7-4668-BE54-9A1E7A4F7556}") = "DevTeam.TestRunner", "dotNetCore\DevTeam.TestRunner\DevTeam.TestRunner.csproj", "{577737B3-4122-4E5A-A363-114A6DE303EE}"
EndProject
Project("{FAE04EC0-301F-11D3-BF4B-00C04F79EFBC}") = "DevTeam.TestRunner", "dotNet\DevTeam.TestRunner\DevTeam.TestRunner.csproj", "{1A568F71-CDD8-4697-8EF9-B40A8A380DBE}"
EndProject
Project("{FAE04EC0-301F-11D3-BF4B-00C04F79EFBC}") = "SimpleTests", "dotNet\SimpleTests\SimpleTests.csproj", "{F7D34584-57B0-430F-ADF1-B8FE370E85B4}"
EndProject
Project("{FAE04EC0-301F-11D3-BF4B-00C04F79EFBC}") = "DevTeam.TestAdapter", "DevTeam.TestAdapter\DevTeam.TestAdapter.csproj", "{61563113-EFCE-445D-9B76-9CF95BDAFB54}"
EndProject
Project("{FAE04EC0-301F-11D3-BF4B-00C04F79EFBC}") = "SimpleTests", "dotNetCore\SimpleTests\SimpleTests.csproj", "{47A9E9CD-9321-4242-9A74-1B300E2781E9}"
EndProject
Global
	GlobalSection(SolutionConfigurationPlatforms) = preSolution
		Debug|Any CPU = Debug|Any CPU
		Release|Any CPU = Release|Any CPU
	EndGlobalSection
	GlobalSection(ProjectConfigurationPlatforms) = postSolution
		{4033AAC8-4B00-4BB8-B58D-063414105649}.Debug|Any CPU.ActiveCfg = Debug|Any CPU
		{4033AAC8-4B00-4BB8-B58D-063414105649}.Debug|Any CPU.Build.0 = Debug|Any CPU
		{4033AAC8-4B00-4BB8-B58D-063414105649}.Release|Any CPU.ActiveCfg = Release|Any CPU
		{4033AAC8-4B00-4BB8-B58D-063414105649}.Release|Any CPU.Build.0 = Release|Any CPU
		{1A8B343D-9F47-4732-8309-E5A33D81EA26}.Debug|Any CPU.ActiveCfg = Debug|Any CPU
		{1A8B343D-9F47-4732-8309-E5A33D81EA26}.Debug|Any CPU.Build.0 = Debug|Any CPU
		{1A8B343D-9F47-4732-8309-E5A33D81EA26}.Release|Any CPU.ActiveCfg = Release|Any CPU
		{1A8B343D-9F47-4732-8309-E5A33D81EA26}.Release|Any CPU.Build.0 = Release|Any CPU
		{B43C3E41-6650-49B6-ACC2-84312F9E195A}.Debug|Any CPU.ActiveCfg = Debug|Any CPU
		{B43C3E41-6650-49B6-ACC2-84312F9E195A}.Debug|Any CPU.Build.0 = Debug|Any CPU
		{B43C3E41-6650-49B6-ACC2-84312F9E195A}.Release|Any CPU.ActiveCfg = Release|Any CPU
		{B43C3E41-6650-49B6-ACC2-84312F9E195A}.Release|Any CPU.Build.0 = Release|Any CPU
		{3A4E8961-FBCD-40E6-A031-0464D346051A}.Debug|Any CPU.ActiveCfg = Debug|Any CPU
		{3A4E8961-FBCD-40E6-A031-0464D346051A}.Debug|Any CPU.Build.0 = Debug|Any CPU
		{3A4E8961-FBCD-40E6-A031-0464D346051A}.Release|Any CPU.ActiveCfg = Release|Any CPU
		{3A4E8961-FBCD-40E6-A031-0464D346051A}.Release|Any CPU.Build.0 = Release|Any CPU
		{577737B3-4122-4E5A-A363-114A6DE303EE}.Debug|Any CPU.ActiveCfg = Debug|Any CPU
		{577737B3-4122-4E5A-A363-114A6DE303EE}.Debug|Any CPU.Build.0 = Debug|Any CPU
		{577737B3-4122-4E5A-A363-114A6DE303EE}.Release|Any CPU.ActiveCfg = Release|Any CPU
		{577737B3-4122-4E5A-A363-114A6DE303EE}.Release|Any CPU.Build.0 = Release|Any CPU
		{1A568F71-CDD8-4697-8EF9-B40A8A380DBE}.Debug|Any CPU.ActiveCfg = Debug|Any CPU
		{1A568F71-CDD8-4697-8EF9-B40A8A380DBE}.Debug|Any CPU.Build.0 = Debug|Any CPU
		{1A568F71-CDD8-4697-8EF9-B40A8A380DBE}.Release|Any CPU.ActiveCfg = Release|Any CPU
		{1A568F71-CDD8-4697-8EF9-B40A8A380DBE}.Release|Any CPU.Build.0 = Release|Any CPU
		{F7D34584-57B0-430F-ADF1-B8FE370E85B4}.Debug|Any CPU.ActiveCfg = Debug|Any CPU
		{F7D34584-57B0-430F-ADF1-B8FE370E85B4}.Debug|Any CPU.Build.0 = Debug|Any CPU
		{F7D34584-57B0-430F-ADF1-B8FE370E85B4}.Release|Any CPU.ActiveCfg = Release|Any CPU
		{F7D34584-57B0-430F-ADF1-B8FE370E85B4}.Release|Any CPU.Build.0 = Release|Any CPU
		{61563113-EFCE-445D-9B76-9CF95BDAFB54}.Debug|Any CPU.ActiveCfg = Debug|Any CPU
		{61563113-EFCE-445D-9B76-9CF95BDAFB54}.Debug|Any CPU.Build.0 = Debug|Any CPU
		{61563113-EFCE-445D-9B76-9CF95BDAFB54}.Release|Any CPU.ActiveCfg = Release|Any CPU
		{61563113-EFCE-445D-9B76-9CF95BDAFB54}.Release|Any CPU.Build.0 = Release|Any CPU
		{47A9E9CD-9321-4242-9A74-1B300E2781E9}.Debug|Any CPU.ActiveCfg = Debug|Any CPU
		{47A9E9CD-9321-4242-9A74-1B300E2781E9}.Debug|Any CPU.Build.0 = Debug|Any CPU
		{47A9E9CD-9321-4242-9A74-1B300E2781E9}.Release|Any CPU.ActiveCfg = Release|Any CPU
		{47A9E9CD-9321-4242-9A74-1B300E2781E9}.Release|Any CPU.Build.0 = Release|Any CPU
	EndGlobalSection
	GlobalSection(SolutionProperties) = preSolution
		HideSolutionNode = FALSE
	EndGlobalSection
	GlobalSection(NestedProjects) = preSolution
		{577737B3-4122-4E5A-A363-114A6DE303EE} = {1BE21557-750A-4026-BE2B-28BBF7739D44}
		{1A568F71-CDD8-4697-8EF9-B40A8A380DBE} = {858EF382-563F-4AA4-817E-B52BF65B1B06}
		{F7D34584-57B0-430F-ADF1-B8FE370E85B4} = {858EF382-563F-4AA4-817E-B52BF65B1B06}
		{47A9E9CD-9321-4242-9A74-1B300E2781E9} = {1BE21557-750A-4026-BE2B-28BBF7739D44}
	EndGlobalSection
EndGlobal
