
Microsoft Visual Studio Solution File, Format Version 12.00
# Visual Studio 15
VisualStudioVersion = 15.0.26228.9
MinimumVisualStudioVersion = 10.0.40219.1
Project("{9A19103F-16F7-4668-BE54-9A1E7A4F7556}") = "SampleTests", "SampleTests\SampleTests.csproj", "{94F92C84-42EF-4639-B8BA-935D859D74E2}"
EndProject
Project("{2150E333-8FDC-42A3-9474-1A3956D46DE8}") = "Solution Items", "Solution Items", "{D00D5F7E-D22E-42E7-AEF1-7019C6D4D636}"
	ProjectSection(SolutionItems) = preProject
		NuGet.Config = NuGet.Config
	EndProjectSection
EndProject
Global
	GlobalSection(SolutionConfigurationPlatforms) = preSolution
		Debug|Any CPU = Debug|Any CPU
		Release|Any CPU = Release|Any CPU
	EndGlobalSection
	GlobalSection(ProjectConfigurationPlatforms) = postSolution
		{94F92C84-42EF-4639-B8BA-935D859D74E2}.Debug|Any CPU.ActiveCfg = Debug|Any CPU
		{94F92C84-42EF-4639-B8BA-935D859D74E2}.Debug|Any CPU.Build.0 = Debug|Any CPU
		{94F92C84-42EF-4639-B8BA-935D859D74E2}.Release|Any CPU.ActiveCfg = Release|Any CPU
		{94F92C84-42EF-4639-B8BA-935D859D74E2}.Release|Any CPU.Build.0 = Release|Any CPU
	EndGlobalSection
	GlobalSection(SolutionProperties) = preSolution
		HideSolutionNode = FALSE
	EndGlobalSection
EndGlobal
